// !$*UTF8*$!
{
	archiveVersion = 1;
	classes = {
	};
	objectVersion = 46;
	objects = {

/* Begin PBXBuildFile section */
		A65604D01E38812400F31620 /* Status.swift in Sources */ = {isa = PBXBuildFile; fileRef = A65604CF1E38812400F31620 /* Status.swift */; };
		A65604D21E388EBD00F31620 /* NSDate-Extension.swift in Sources */ = {isa = PBXBuildFile; fileRef = A65604D11E388EBD00F31620 /* NSDate-Extension.swift */; };
		A65604D41E389A2F00F31620 /* User.swift in Sources */ = {isa = PBXBuildFile; fileRef = A65604D31E389A2F00F31620 /* User.swift */; };
		A65604D71E389FFE00F31620 /* StatusViewModel.swift in Sources */ = {isa = PBXBuildFile; fileRef = A65604D61E389FFE00F31620 /* StatusViewModel.swift */; };
		A65604DA1E38AE3800F31620 /* StatusCell.swift in Sources */ = {isa = PBXBuildFile; fileRef = A65604D91E38AE3800F31620 /* StatusCell.swift */; };
		A666099A1E231EC9000C8897 /* MainTabViewController.swift in Sources */ = {isa = PBXBuildFile; fileRef = A66609991E231EC9000C8897 /* MainTabViewController.swift */; };
		A666099D1E231FBF000C8897 /* MainVCSettings.json in Resources */ = {isa = PBXBuildFile; fileRef = A666099C1E231FBF000C8897 /* MainVCSettings.json */; };
		A666099F1E231FE3000C8897 /* HomeViewController.swift in Sources */ = {isa = PBXBuildFile; fileRef = A666099E1E231FE3000C8897 /* HomeViewController.swift */; };
		A66609A11E231FF1000C8897 /* MessageViewController.swift in Sources */ = {isa = PBXBuildFile; fileRef = A66609A01E231FF1000C8897 /* MessageViewController.swift */; };
		A66609A31E231FFE000C8897 /* DiscoverViewController.swift in Sources */ = {isa = PBXBuildFile; fileRef = A66609A21E231FFE000C8897 /* DiscoverViewController.swift */; };
		A66609A51E232008000C8897 /* MeViewController.swift in Sources */ = {isa = PBXBuildFile; fileRef = A66609A41E232008000C8897 /* MeViewController.swift */; };
		A66609A71E235F60000C8897 /* Home.storyboard in Resources */ = {isa = PBXBuildFile; fileRef = A66609A61E235F60000C8897 /* Home.storyboard */; };
		A66609AA1E235F73000C8897 /* Message.storyboard in Resources */ = {isa = PBXBuildFile; fileRef = A66609A81E235F73000C8897 /* Message.storyboard */; };
		A66609AF1E235F90000C8897 /* Me.storyboard in Resources */ = {isa = PBXBuildFile; fileRef = A66609AD1E235F90000C8897 /* Me.storyboard */; };
		A66609B31E2387FD000C8897 /* Null.storyboard in Resources */ = {isa = PBXBuildFile; fileRef = A66609B21E2387FD000C8897 /* Null.storyboard */; };
		A66609B51E238807000C8897 /* Discover.storyboard in Resources */ = {isa = PBXBuildFile; fileRef = A66609B41E238807000C8897 /* Discover.storyboard */; };
		A66609B81E238F70000C8897 /* BaseViewController.swift in Sources */ = {isa = PBXBuildFile; fileRef = A66609B71E238F70000C8897 /* BaseViewController.swift */; };
		A66609BB1E2390C0000C8897 /* VisitorView.swift in Sources */ = {isa = PBXBuildFile; fileRef = A66609BA1E2390C0000C8897 /* VisitorView.swift */; };
		A66609BD1E2390D3000C8897 /* VisitorView.xib in Resources */ = {isa = PBXBuildFile; fileRef = A66609BC1E2390D3000C8897 /* VisitorView.xib */; };
		A66C896F1E446BFE00FF7C3A /* ComposeViewController.swift in Sources */ = {isa = PBXBuildFile; fileRef = A66C896D1E446BFE00FF7C3A /* ComposeViewController.swift */; };
		A66C89701E446BFE00FF7C3A /* ComposeViewController.xib in Resources */ = {isa = PBXBuildFile; fileRef = A66C896E1E446BFE00FF7C3A /* ComposeViewController.xib */; };
		A66E56FD1E26165C00F4CDFA /* UIBarButtonItem+Extension.swift in Sources */ = {isa = PBXBuildFile; fileRef = A66E56F71E26165C00F4CDFA /* UIBarButtonItem+Extension.swift */; };
		A66E56FE1E26165C00F4CDFA /* TitleButton.swift in Sources */ = {isa = PBXBuildFile; fileRef = A66E56FA1E26165C00F4CDFA /* TitleButton.swift */; };
		A66E56FF1E26165C00F4CDFA /* ZWCustomPopView.m in Sources */ = {isa = PBXBuildFile; fileRef = A66E56FC1E26165C00F4CDFA /* ZWCustomPopView.m */; };
		A66E57061E2627D800F4CDFA /* OAuthViewController.swift in Sources */ = {isa = PBXBuildFile; fileRef = A66E57051E2627D800F4CDFA /* OAuthViewController.swift */; };
		A66E57081E2627E400F4CDFA /* OAuthViewController.xib in Resources */ = {isa = PBXBuildFile; fileRef = A66E57071E2627E400F4CDFA /* OAuthViewController.xib */; };
		A66E570B1E262A3600F4CDFA /* Global.swift in Sources */ = {isa = PBXBuildFile; fileRef = A66E570A1E262A3600F4CDFA /* Global.swift */; };
		A66E570D1E275C7A00F4CDFA /* UserAccount.swift in Sources */ = {isa = PBXBuildFile; fileRef = A66E570C1E275C7A00F4CDFA /* UserAccount.swift */; };
		A66E570F1E2772C500F4CDFA /* NetworkTools.swift in Sources */ = {isa = PBXBuildFile; fileRef = A66E570E1E2772C500F4CDFA /* NetworkTools.swift */; };
		A69A6FF01E2D1BE300D0C7DD /* UserAccountViewModel.swift in Sources */ = {isa = PBXBuildFile; fileRef = A69A6FEF1E2D1BE300D0C7DD /* UserAccountViewModel.swift */; };
		A69A6FF41E2D1E7D00D0C7DD /* WelcomeViewController.swift in Sources */ = {isa = PBXBuildFile; fileRef = A69A6FF21E2D1E7D00D0C7DD /* WelcomeViewController.swift */; };
		A69A6FF51E2D1E7D00D0C7DD /* WelcomeViewController.xib in Resources */ = {isa = PBXBuildFile; fileRef = A69A6FF31E2D1E7D00D0C7DD /* WelcomeViewController.xib */; };
		A6A3506A1E44896F005BFD98 /* CpomposeTextView.swift in Sources */ = {isa = PBXBuildFile; fileRef = A6A350691E44896F005BFD98 /* CpomposeTextView.swift */; };
		A6B06DCB1E214E5B003D2501 /* AppDelegate.swift in Sources */ = {isa = PBXBuildFile; fileRef = A6B06DCA1E214E5B003D2501 /* AppDelegate.swift */; };
		A6B06DD01E214E5B003D2501 /* Main.storyboard in Resources */ = {isa = PBXBuildFile; fileRef = A6B06DCE1E214E5B003D2501 /* Main.storyboard */; };
		A6B06DD21E214E5B003D2501 /* Assets.xcassets in Resources */ = {isa = PBXBuildFile; fileRef = A6B06DD11E214E5B003D2501 /* Assets.xcassets */; };
		A6DA32E01E41DBC600A5506E /* PicCollectionView.swift in Sources */ = {isa = PBXBuildFile; fileRef = A6DA32DF1E41DBC600A5506E /* PicCollectionView.swift */; };
		A6DE1E9A1E45763400CD561D /* PicPickerCollectionView.swift in Sources */ = {isa = PBXBuildFile; fileRef = A6DE1E991E45763400CD561D /* PicPickerCollectionView.swift */; };
		A6DE1E9D1E45779200CD561D /* PicPickerCell.swift in Sources */ = {isa = PBXBuildFile; fileRef = A6DE1E9B1E45779200CD561D /* PicPickerCell.swift */; };
		A6DE1E9E1E45779200CD561D /* PicPickerCell.xib in Resources */ = {isa = PBXBuildFile; fileRef = A6DE1E9C1E45779200CD561D /* PicPickerCell.xib */; };
		A6DE1ECA1E484D0800CD561D /* EmioticonViewCell.swift in Sources */ = {isa = PBXBuildFile; fileRef = A6DE1EC11E484D0800CD561D /* EmioticonViewCell.swift */; };
		A6DE1ECB1E484D0800CD561D /* EmoticonAttachment.swift in Sources */ = {isa = PBXBuildFile; fileRef = A6DE1EC21E484D0800CD561D /* EmoticonAttachment.swift */; };
		A6DE1ECC1E484D0800CD561D /* EmoticonController.swift in Sources */ = {isa = PBXBuildFile; fileRef = A6DE1EC31E484D0800CD561D /* EmoticonController.swift */; };
		A6DE1ECD1E484D0800CD561D /* Emoticons.bundle in Resources */ = {isa = PBXBuildFile; fileRef = A6DE1EC41E484D0800CD561D /* Emoticons.bundle */; };
		A6DE1ECE1E484D0800CD561D /* Emoticon.swift in Sources */ = {isa = PBXBuildFile; fileRef = A6DE1EC61E484D0800CD561D /* Emoticon.swift */; };
		A6DE1ECF1E484D0800CD561D /* EmoticonManager.swift in Sources */ = {isa = PBXBuildFile; fileRef = A6DE1EC71E484D0800CD561D /* EmoticonManager.swift */; };
		A6DE1ED01E484D0800CD561D /* EmoticonPackage.swift in Sources */ = {isa = PBXBuildFile; fileRef = A6DE1EC81E484D0800CD561D /* EmoticonPackage.swift */; };
		A6DE1ED11E484D0800CD561D /* UITextView-Extension.swift in Sources */ = {isa = PBXBuildFile; fileRef = A6DE1EC91E484D0800CD561D /* UITextView-Extension.swift */; };
		A79CE81C5B7474834A7F231F /* Pods_Weibo.framework in Frameworks */ = {isa = PBXBuildFile; fileRef = 9F894D4662A720F37B41663E /* Pods_Weibo.framework */; };
/* End PBXBuildFile section */

/* Begin PBXFileReference section */
		926ED07EE8870439B5F45E93 /* Pods-Weibo.release.xcconfig */ = {isa = PBXFileReference; includeInIndex = 1; lastKnownFileType = text.xcconfig; name = "Pods-Weibo.release.xcconfig"; path = "Pods/Target Support Files/Pods-Weibo/Pods-Weibo.release.xcconfig"; sourceTree = "<group>"; };
		9F894D4662A720F37B41663E /* Pods_Weibo.framework */ = {isa = PBXFileReference; explicitFileType = wrapper.framework; includeInIndex = 0; path = Pods_Weibo.framework; sourceTree = BUILT_PRODUCTS_DIR; };
		A65604CF1E38812400F31620 /* Status.swift */ = {isa = PBXFileReference; fileEncoding = 4; lastKnownFileType = sourcecode.swift; path = Status.swift; sourceTree = "<group>"; };
		A65604D11E388EBD00F31620 /* NSDate-Extension.swift */ = {isa = PBXFileReference; fileEncoding = 4; lastKnownFileType = sourcecode.swift; path = "NSDate-Extension.swift"; sourceTree = "<group>"; };
		A65604D31E389A2F00F31620 /* User.swift */ = {isa = PBXFileReference; fileEncoding = 4; lastKnownFileType = sourcecode.swift; path = User.swift; sourceTree = "<group>"; };
		A65604D61E389FFE00F31620 /* StatusViewModel.swift */ = {isa = PBXFileReference; fileEncoding = 4; lastKnownFileType = sourcecode.swift; path = StatusViewModel.swift; sourceTree = "<group>"; };
		A65604D91E38AE3800F31620 /* StatusCell.swift */ = {isa = PBXFileReference; fileEncoding = 4; lastKnownFileType = sourcecode.swift; path = StatusCell.swift; sourceTree = "<group>"; };
		A66609991E231EC9000C8897 /* MainTabViewController.swift */ = {isa = PBXFileReference; fileEncoding = 4; lastKnownFileType = sourcecode.swift; path = MainTabViewController.swift; sourceTree = "<group>"; };
		A666099C1E231FBF000C8897 /* MainVCSettings.json */ = {isa = PBXFileReference; fileEncoding = 4; lastKnownFileType = text.json; path = MainVCSettings.json; sourceTree = "<group>"; };
		A666099E1E231FE3000C8897 /* HomeViewController.swift */ = {isa = PBXFileReference; fileEncoding = 4; lastKnownFileType = sourcecode.swift; path = HomeViewController.swift; sourceTree = "<group>"; };
		A66609A01E231FF1000C8897 /* MessageViewController.swift */ = {isa = PBXFileReference; fileEncoding = 4; lastKnownFileType = sourcecode.swift; path = MessageViewController.swift; sourceTree = "<group>"; };
		A66609A21E231FFE000C8897 /* DiscoverViewController.swift */ = {isa = PBXFileReference; fileEncoding = 4; lastKnownFileType = sourcecode.swift; path = DiscoverViewController.swift; sourceTree = "<group>"; };
		A66609A41E232008000C8897 /* MeViewController.swift */ = {isa = PBXFileReference; fileEncoding = 4; lastKnownFileType = sourcecode.swift; path = MeViewController.swift; sourceTree = "<group>"; };
		A66609A61E235F60000C8897 /* Home.storyboard */ = {isa = PBXFileReference; fileEncoding = 4; lastKnownFileType = file.storyboard; path = Home.storyboard; sourceTree = "<group>"; };
		A66609A91E235F73000C8897 /* Base */ = {isa = PBXFileReference; lastKnownFileType = file.storyboard; name = Base; path = Base.lproj/Message.storyboard; sourceTree = "<group>"; };
		A66609AE1E235F90000C8897 /* Base */ = {isa = PBXFileReference; lastKnownFileType = file.storyboard; name = Base; path = Base.lproj/Me.storyboard; sourceTree = "<group>"; };
		A66609B21E2387FD000C8897 /* Null.storyboard */ = {isa = PBXFileReference; fileEncoding = 4; lastKnownFileType = file.storyboard; path = Null.storyboard; sourceTree = "<group>"; };
		A66609B41E238807000C8897 /* Discover.storyboard */ = {isa = PBXFileReference; fileEncoding = 4; lastKnownFileType = file.storyboard; path = Discover.storyboard; sourceTree = "<group>"; };
		A66609B71E238F70000C8897 /* BaseViewController.swift */ = {isa = PBXFileReference; fileEncoding = 4; lastKnownFileType = sourcecode.swift; path = BaseViewController.swift; sourceTree = "<group>"; };
		A66609BA1E2390C0000C8897 /* VisitorView.swift */ = {isa = PBXFileReference; fileEncoding = 4; lastKnownFileType = sourcecode.swift; path = VisitorView.swift; sourceTree = "<group>"; };
		A66609BC1E2390D3000C8897 /* VisitorView.xib */ = {isa = PBXFileReference; fileEncoding = 4; lastKnownFileType = file.xib; path = VisitorView.xib; sourceTree = "<group>"; };
		A66C896D1E446BFE00FF7C3A /* ComposeViewController.swift */ = {isa = PBXFileReference; fileEncoding = 4; lastKnownFileType = sourcecode.swift; path = ComposeViewController.swift; sourceTree = "<group>"; };
		A66C896E1E446BFE00FF7C3A /* ComposeViewController.xib */ = {isa = PBXFileReference; fileEncoding = 4; lastKnownFileType = file.xib; path = ComposeViewController.xib; sourceTree = "<group>"; };
		A66E56F71E26165C00F4CDFA /* UIBarButtonItem+Extension.swift */ = {isa = PBXFileReference; fileEncoding = 4; lastKnownFileType = sourcecode.swift; path = "UIBarButtonItem+Extension.swift"; sourceTree = "<group>"; };
		A66E56FA1E26165C00F4CDFA /* TitleButton.swift */ = {isa = PBXFileReference; fileEncoding = 4; lastKnownFileType = sourcecode.swift; path = TitleButton.swift; sourceTree = "<group>"; };
		A66E56FB1E26165C00F4CDFA /* ZWCustomPopView.h */ = {isa = PBXFileReference; fileEncoding = 4; lastKnownFileType = sourcecode.c.h; path = ZWCustomPopView.h; sourceTree = "<group>"; };
		A66E56FC1E26165C00F4CDFA /* ZWCustomPopView.m */ = {isa = PBXFileReference; fileEncoding = 4; lastKnownFileType = sourcecode.c.objc; path = ZWCustomPopView.m; sourceTree = "<group>"; };
		A66E57051E2627D800F4CDFA /* OAuthViewController.swift */ = {isa = PBXFileReference; fileEncoding = 4; lastKnownFileType = sourcecode.swift; path = OAuthViewController.swift; sourceTree = "<group>"; };
		A66E57071E2627E400F4CDFA /* OAuthViewController.xib */ = {isa = PBXFileReference; fileEncoding = 4; lastKnownFileType = file.xib; path = OAuthViewController.xib; sourceTree = "<group>"; };
		A66E570A1E262A3600F4CDFA /* Global.swift */ = {isa = PBXFileReference; fileEncoding = 4; lastKnownFileType = sourcecode.swift; path = Global.swift; sourceTree = "<group>"; };
		A66E570C1E275C7A00F4CDFA /* UserAccount.swift */ = {isa = PBXFileReference; fileEncoding = 4; lastKnownFileType = sourcecode.swift; path = UserAccount.swift; sourceTree = "<group>"; };
		A66E570E1E2772C500F4CDFA /* NetworkTools.swift */ = {isa = PBXFileReference; fileEncoding = 4; lastKnownFileType = sourcecode.swift; path = NetworkTools.swift; sourceTree = "<group>"; };
		A69A6FEF1E2D1BE300D0C7DD /* UserAccountViewModel.swift */ = {isa = PBXFileReference; fileEncoding = 4; lastKnownFileType = sourcecode.swift; path = UserAccountViewModel.swift; sourceTree = "<group>"; };
		A69A6FF21E2D1E7D00D0C7DD /* WelcomeViewController.swift */ = {isa = PBXFileReference; fileEncoding = 4; lastKnownFileType = sourcecode.swift; path = WelcomeViewController.swift; sourceTree = "<group>"; };
		A69A6FF31E2D1E7D00D0C7DD /* WelcomeViewController.xib */ = {isa = PBXFileReference; fileEncoding = 4; lastKnownFileType = file.xib; path = WelcomeViewController.xib; sourceTree = "<group>"; };
		A6A350691E44896F005BFD98 /* CpomposeTextView.swift */ = {isa = PBXFileReference; fileEncoding = 4; lastKnownFileType = sourcecode.swift; path = CpomposeTextView.swift; sourceTree = "<group>"; };
		A6B06DC71E214E5B003D2501 /* Weibo.app */ = {isa = PBXFileReference; explicitFileType = wrapper.application; includeInIndex = 0; path = Weibo.app; sourceTree = BUILT_PRODUCTS_DIR; };
		A6B06DCA1E214E5B003D2501 /* AppDelegate.swift */ = {isa = PBXFileReference; lastKnownFileType = sourcecode.swift; path = AppDelegate.swift; sourceTree = "<group>"; };
		A6B06DCF1E214E5B003D2501 /* Base */ = {isa = PBXFileReference; lastKnownFileType = file.storyboard; name = Base; path = Base.lproj/Main.storyboard; sourceTree = "<group>"; };
		A6B06DD11E214E5B003D2501 /* Assets.xcassets */ = {isa = PBXFileReference; lastKnownFileType = folder.assetcatalog; path = Assets.xcassets; sourceTree = "<group>"; };
		A6B06DD61E214E5B003D2501 /* Info.plist */ = {isa = PBXFileReference; lastKnownFileType = text.plist.xml; path = Info.plist; sourceTree = "<group>"; };
		A6DA32DF1E41DBC600A5506E /* PicCollectionView.swift */ = {isa = PBXFileReference; fileEncoding = 4; lastKnownFileType = sourcecode.swift; path = PicCollectionView.swift; sourceTree = "<group>"; };
		A6DE1E991E45763400CD561D /* PicPickerCollectionView.swift */ = {isa = PBXFileReference; fileEncoding = 4; lastKnownFileType = sourcecode.swift; path = PicPickerCollectionView.swift; sourceTree = "<group>"; };
		A6DE1E9B1E45779200CD561D /* PicPickerCell.swift */ = {isa = PBXFileReference; fileEncoding = 4; lastKnownFileType = sourcecode.swift; path = PicPickerCell.swift; sourceTree = "<group>"; };
		A6DE1E9C1E45779200CD561D /* PicPickerCell.xib */ = {isa = PBXFileReference; fileEncoding = 4; lastKnownFileType = file.xib; path = PicPickerCell.xib; sourceTree = "<group>"; };
		A6DE1EC11E484D0800CD561D /* EmioticonViewCell.swift */ = {isa = PBXFileReference; fileEncoding = 4; lastKnownFileType = sourcecode.swift; path = EmioticonViewCell.swift; sourceTree = "<group>"; };
		A6DE1EC21E484D0800CD561D /* EmoticonAttachment.swift */ = {isa = PBXFileReference; fileEncoding = 4; lastKnownFileType = sourcecode.swift; path = EmoticonAttachment.swift; sourceTree = "<group>"; };
		A6DE1EC31E484D0800CD561D /* EmoticonController.swift */ = {isa = PBXFileReference; fileEncoding = 4; lastKnownFileType = sourcecode.swift; path = EmoticonController.swift; sourceTree = "<group>"; };
		A6DE1EC41E484D0800CD561D /* Emoticons.bundle */ = {isa = PBXFileReference; lastKnownFileType = "wrapper.plug-in"; path = Emoticons.bundle; sourceTree = "<group>"; };
		A6DE1EC61E484D0800CD561D /* Emoticon.swift */ = {isa = PBXFileReference; fileEncoding = 4; lastKnownFileType = sourcecode.swift; path = Emoticon.swift; sourceTree = "<group>"; };
		A6DE1EC71E484D0800CD561D /* EmoticonManager.swift */ = {isa = PBXFileReference; fileEncoding = 4; lastKnownFileType = sourcecode.swift; path = EmoticonManager.swift; sourceTree = "<group>"; };
		A6DE1EC81E484D0800CD561D /* EmoticonPackage.swift */ = {isa = PBXFileReference; fileEncoding = 4; lastKnownFileType = sourcecode.swift; path = EmoticonPackage.swift; sourceTree = "<group>"; };
		A6DE1EC91E484D0800CD561D /* UITextView-Extension.swift */ = {isa = PBXFileReference; fileEncoding = 4; lastKnownFileType = sourcecode.swift; path = "UITextView-Extension.swift"; sourceTree = "<group>"; };
		A6F2B7501E2615F80044D768 /* Weibo-Bridging-Header.h */ = {isa = PBXFileReference; lastKnownFileType = sourcecode.c.h; path = "Weibo-Bridging-Header.h"; sourceTree = "<group>"; };
		C33CC6E30CC9D9278D252AF9 /* Pods-Weibo.debug.xcconfig */ = {isa = PBXFileReference; includeInIndex = 1; lastKnownFileType = text.xcconfig; name = "Pods-Weibo.debug.xcconfig"; path = "Pods/Target Support Files/Pods-Weibo/Pods-Weibo.debug.xcconfig"; sourceTree = "<group>"; };
/* End PBXFileReference section */

/* Begin PBXFrameworksBuildPhase section */
		A6B06DC41E214E5B003D2501 /* Frameworks */ = {
			isa = PBXFrameworksBuildPhase;
			buildActionMask = 2147483647;
			files = (
				A79CE81C5B7474834A7F231F /* Pods_Weibo.framework in Frameworks */,
			);
			runOnlyForDeploymentPostprocessing = 0;
		};
/* End PBXFrameworksBuildPhase section */

/* Begin PBXGroup section */
		0ED765CDD5334276921650CE /* Frameworks */ = {
			isa = PBXGroup;
			children = (
				9F894D4662A720F37B41663E /* Pods_Weibo.framework */,
			);
			name = Frameworks;
			sourceTree = "<group>";
		};
		6E47A087E7A85B8F2FDCEFA2 /* Pods */ = {
			isa = PBXGroup;
			children = (
				C33CC6E30CC9D9278D252AF9 /* Pods-Weibo.debug.xcconfig */,
				926ED07EE8870439B5F45E93 /* Pods-Weibo.release.xcconfig */,
			);
			name = Pods;
			sourceTree = "<group>";
		};
		A65604CE1E38811600F31620 /* Model */ = {
			isa = PBXGroup;
			children = (
				A65604CF1E38812400F31620 /* Status.swift */,
				A65604D31E389A2F00F31620 /* User.swift */,
			);
			path = Model;
			sourceTree = "<group>";
		};
		A65604D51E389FF400F31620 /* VIewModel */ = {
			isa = PBXGroup;
			children = (
				A65604D61E389FFE00F31620 /* StatusViewModel.swift */,
			);
			path = VIewModel;
			sourceTree = "<group>";
		};
		A65604D81E38AE1D00F31620 /* View */ = {
			isa = PBXGroup;
			children = (
				A65604D91E38AE3800F31620 /* StatusCell.swift */,
				A6DA32DF1E41DBC600A5506E /* PicCollectionView.swift */,
			);
			path = View;
			sourceTree = "<group>";
		};
		A666099B1E231FBF000C8897 /* Resource */ = {
			isa = PBXGroup;
			children = (
				A66609B21E2387FD000C8897 /* Null.storyboard */,
				A666099C1E231FBF000C8897 /* MainVCSettings.json */,
			);
			path = Resource;
			sourceTree = "<group>";
		};
		A66609B61E238F58000C8897 /* Base */ = {
			isa = PBXGroup;
			children = (
				A66609B71E238F70000C8897 /* BaseViewController.swift */,
			);
			path = Base;
			sourceTree = "<group>";
		};
		A66609B91E2390AE000C8897 /* VisitorView */ = {
			isa = PBXGroup;
			children = (
				A66609BA1E2390C0000C8897 /* VisitorView.swift */,
				A66609BC1E2390D3000C8897 /* VisitorView.xib */,
			);
			path = VisitorView;
			sourceTree = "<group>";
		};
		A66C896C1E446BDC00FF7C3A /* 06-Compose(发布) */ = {
			isa = PBXGroup;
			children = (
				A6DE1EC01E484D0800CD561D /* Emoticon */,
				A6DE1E981E45738600CD561D /* PicPicker */,
				A6A350681E44894B005BFD98 /* View */,
				A66C896D1E446BFE00FF7C3A /* ComposeViewController.swift */,
				A66C896E1E446BFE00FF7C3A /* ComposeViewController.xib */,
			);
			path = "06-Compose(发布)";
			sourceTree = "<group>";
		};
		A66E56F61E26165C00F4CDFA /* Extension */ = {
			isa = PBXGroup;
			children = (
				A65604D11E388EBD00F31620 /* NSDate-Extension.swift */,
				A66E56F71E26165C00F4CDFA /* UIBarButtonItem+Extension.swift */,
			);
			name = Extension;
			path = "Weibo/05-Tools/Extension";
			sourceTree = SOURCE_ROOT;
		};
		A66E56F81E26165C00F4CDFA /* Utils */ = {
			isa = PBXGroup;
			children = (
				A66E570E1E2772C500F4CDFA /* NetworkTools.swift */,
			);
			name = Utils;
			path = "Weibo/05-Tools/Utils";
			sourceTree = SOURCE_ROOT;
		};
		A66E56F91E26165C00F4CDFA /* View */ = {
			isa = PBXGroup;
			children = (
				A66E56FA1E26165C00F4CDFA /* TitleButton.swift */,
				A66E56FB1E26165C00F4CDFA /* ZWCustomPopView.h */,
				A66E56FC1E26165C00F4CDFA /* ZWCustomPopView.m */,
			);
			name = View;
			path = "Weibo/05-Tools/View";
			sourceTree = SOURCE_ROOT;
		};
		A66E57021E2627B100F4CDFA /* OAuth */ = {
			isa = PBXGroup;
			children = (
				A66E57051E2627D800F4CDFA /* OAuthViewController.swift */,
				A66E57071E2627E400F4CDFA /* OAuthViewController.xib */,
				A66E570C1E275C7A00F4CDFA /* UserAccount.swift */,
				A69A6FEF1E2D1BE300D0C7DD /* UserAccountViewModel.swift */,
			);
			path = OAuth;
			sourceTree = "<group>";
		};
		A66E57091E262A2800F4CDFA /* Global */ = {
			isa = PBXGroup;
			children = (
				A66E570A1E262A3600F4CDFA /* Global.swift */,
			);
			name = Global;
			path = "Weibo/05-Tools/Global";
			sourceTree = SOURCE_ROOT;
		};
		A69A6FF11E2D1E6700D0C7DD /* Welcome */ = {
			isa = PBXGroup;
			children = (
				A69A6FF21E2D1E7D00D0C7DD /* WelcomeViewController.swift */,
				A69A6FF31E2D1E7D00D0C7DD /* WelcomeViewController.xib */,
			);
			path = Welcome;
			sourceTree = "<group>";
		};
		A6A350681E44894B005BFD98 /* View */ = {
			isa = PBXGroup;
			children = (
				A6A350691E44896F005BFD98 /* CpomposeTextView.swift */,
			);
			path = View;
			sourceTree = "<group>";
		};
		A6B06DBE1E214E5B003D2501 = {
			isa = PBXGroup;
			children = (
				A6B06DC91E214E5B003D2501 /* Weibo */,
				A6B06DC81E214E5B003D2501 /* Products */,
				6E47A087E7A85B8F2FDCEFA2 /* Pods */,
				0ED765CDD5334276921650CE /* Frameworks */,
			);
			sourceTree = "<group>";
		};
		A6B06DC81E214E5B003D2501 /* Products */ = {
			isa = PBXGroup;
			children = (
				A6B06DC71E214E5B003D2501 /* Weibo.app */,
			);
			name = Products;
			sourceTree = "<group>";
		};
		A6B06DC91E214E5B003D2501 /* Weibo */ = {
			isa = PBXGroup;
			children = (
				A6B06DDC1E214F93003D2501 /* 00-Main(主要) */,
				A6B06DDD1E214F93003D2501 /* 01-Home(首页) */,
				A6B06DDE1E214F93003D2501 /* 02-Message(消息) */,
				A6B06DDF1E214F93003D2501 /* 03-Discover(发现) */,
				A6B06DE01E214F93003D2501 /* 04-Me(我) */,
				A6F2B7441E24BC510044D768 /* 05-Tools */,
				A66C896C1E446BDC00FF7C3A /* 06-Compose(发布) */,
				A6B06DCA1E214E5B003D2501 /* AppDelegate.swift */,
				A6F2B7501E2615F80044D768 /* Weibo-Bridging-Header.h */,
				A6B06DCE1E214E5B003D2501 /* Main.storyboard */,
				A6B06DD11E214E5B003D2501 /* Assets.xcassets */,
				A6B06DD61E214E5B003D2501 /* Info.plist */,
			);
			path = Weibo;
			sourceTree = "<group>";
		};
		A6B06DDC1E214F93003D2501 /* 00-Main(主要) */ = {
			isa = PBXGroup;
			children = (
				A69A6FF11E2D1E6700D0C7DD /* Welcome */,
				A66E57021E2627B100F4CDFA /* OAuth */,
				A66609B91E2390AE000C8897 /* VisitorView */,
				A66609B61E238F58000C8897 /* Base */,
				A666099B1E231FBF000C8897 /* Resource */,
				A66609991E231EC9000C8897 /* MainTabViewController.swift */,
			);
			path = "00-Main(主要)";
			sourceTree = "<group>";
		};
		A6B06DDD1E214F93003D2501 /* 01-Home(首页) */ = {
			isa = PBXGroup;
			children = (
				A65604D81E38AE1D00F31620 /* View */,
				A65604D51E389FF400F31620 /* VIewModel */,
				A65604CE1E38811600F31620 /* Model */,
				A66609A61E235F60000C8897 /* Home.storyboard */,
				A666099E1E231FE3000C8897 /* HomeViewController.swift */,
			);
			path = "01-Home(首页)";
			sourceTree = "<group>";
		};
		A6B06DDE1E214F93003D2501 /* 02-Message(消息) */ = {
			isa = PBXGroup;
			children = (
				A66609A81E235F73000C8897 /* Message.storyboard */,
				A66609A01E231FF1000C8897 /* MessageViewController.swift */,
			);
			path = "02-Message(消息)";
			sourceTree = "<group>";
		};
		A6B06DDF1E214F93003D2501 /* 03-Discover(发现) */ = {
			isa = PBXGroup;
			children = (
				A66609B41E238807000C8897 /* Discover.storyboard */,
				A66609A21E231FFE000C8897 /* DiscoverViewController.swift */,
			);
			path = "03-Discover(发现)";
			sourceTree = "<group>";
		};
		A6B06DE01E214F93003D2501 /* 04-Me(我) */ = {
			isa = PBXGroup;
			children = (
				A66609AD1E235F90000C8897 /* Me.storyboard */,
				A66609A41E232008000C8897 /* MeViewController.swift */,
			);
			path = "04-Me(我)";
			sourceTree = "<group>";
		};
		A6DE1E981E45738600CD561D /* PicPicker */ = {
			isa = PBXGroup;
			children = (
				A6DE1E991E45763400CD561D /* PicPickerCollectionView.swift */,
				A6DE1E9B1E45779200CD561D /* PicPickerCell.swift */,
				A6DE1E9C1E45779200CD561D /* PicPickerCell.xib */,
			);
			path = PicPicker;
			sourceTree = "<group>";
		};
		A6DE1EC01E484D0800CD561D /* Emoticon */ = {
			isa = PBXGroup;
			children = (
				A6DE1EC11E484D0800CD561D /* EmioticonViewCell.swift */,
				A6DE1EC21E484D0800CD561D /* EmoticonAttachment.swift */,
				A6DE1EC31E484D0800CD561D /* EmoticonController.swift */,
				A6DE1EC41E484D0800CD561D /* Emoticons.bundle */,
				A6DE1EC51E484D0800CD561D /* Model */,
				A6DE1EC91E484D0800CD561D /* UITextView-Extension.swift */,
			);
			path = Emoticon;
			sourceTree = "<group>";
		};
		A6DE1EC51E484D0800CD561D /* Model */ = {
			isa = PBXGroup;
			children = (
				A6DE1EC61E484D0800CD561D /* Emoticon.swift */,
				A6DE1EC71E484D0800CD561D /* EmoticonManager.swift */,
				A6DE1EC81E484D0800CD561D /* EmoticonPackage.swift */,
			);
			path = Model;
			sourceTree = "<group>";
		};
		A6F2B7441E24BC510044D768 /* 05-Tools */ = {
			isa = PBXGroup;
			children = (
				A66E57091E262A2800F4CDFA /* Global */,
				A66E56F61E26165C00F4CDFA /* Extension */,
				A66E56F81E26165C00F4CDFA /* Utils */,
				A66E56F91E26165C00F4CDFA /* View */,
			);
			name = "05-Tools";
			path = "04-Me(我)/05-Tools";
			sourceTree = "<group>";
		};
/* End PBXGroup section */

/* Begin PBXNativeTarget section */
		A6B06DC61E214E5B003D2501 /* Weibo */ = {
			isa = PBXNativeTarget;
			buildConfigurationList = A6B06DD91E214E5B003D2501 /* Build configuration list for PBXNativeTarget "Weibo" */;
			buildPhases = (
				2614A45FFE10094271A0B627 /* [CP] Check Pods Manifest.lock */,
				A6B06DC31E214E5B003D2501 /* Sources */,
				A6B06DC41E214E5B003D2501 /* Frameworks */,
				A6B06DC51E214E5B003D2501 /* Resources */,
				E53DC6D3F86547C3CF666252 /* [CP] Embed Pods Frameworks */,
				5E620530C5D8F8223ED5A589 /* [CP] Copy Pods Resources */,
			);
			buildRules = (
			);
			dependencies = (
			);
			name = Weibo;
			productName = Weibo;
			productReference = A6B06DC71E214E5B003D2501 /* Weibo.app */;
			productType = "com.apple.product-type.application";
		};
/* End PBXNativeTarget section */

/* Begin PBXProject section */
		A6B06DBF1E214E5B003D2501 /* Project object */ = {
			isa = PBXProject;
			attributes = {
				LastSwiftUpdateCheck = 0730;
				LastUpgradeCheck = 0730;
				ORGANIZATIONNAME = Dale;
				TargetAttributes = {
					A6B06DC61E214E5B003D2501 = {
						CreatedOnToolsVersion = 7.3.1;
						DevelopmentTeam = 7X7BCW9NVG;
					};
				};
			};
			buildConfigurationList = A6B06DC21E214E5B003D2501 /* Build configuration list for PBXProject "Weibo" */;
			compatibilityVersion = "Xcode 3.2";
			developmentRegion = English;
			hasScannedForEncodings = 0;
			knownRegions = (
				en,
				Base,
			);
			mainGroup = A6B06DBE1E214E5B003D2501;
			productRefGroup = A6B06DC81E214E5B003D2501 /* Products */;
			projectDirPath = "";
			projectRoot = "";
			targets = (
				A6B06DC61E214E5B003D2501 /* Weibo */,
			);
		};
/* End PBXProject section */

/* Begin PBXResourcesBuildPhase section */
		A6B06DC51E214E5B003D2501 /* Resources */ = {
			isa = PBXResourcesBuildPhase;
			buildActionMask = 2147483647;
			files = (
				A66E57081E2627E400F4CDFA /* OAuthViewController.xib in Resources */,
				A66609B31E2387FD000C8897 /* Null.storyboard in Resources */,
				A66609B51E238807000C8897 /* Discover.storyboard in Resources */,
				A6B06DD21E214E5B003D2501 /* Assets.xcassets in Resources */,
				A6B06DD01E214E5B003D2501 /* Main.storyboard in Resources */,
				A69A6FF51E2D1E7D00D0C7DD /* WelcomeViewController.xib in Resources */,
				A66609AA1E235F73000C8897 /* Message.storyboard in Resources */,
				A66C89701E446BFE00FF7C3A /* ComposeViewController.xib in Resources */,
				A666099D1E231FBF000C8897 /* MainVCSettings.json in Resources */,
				A66609A71E235F60000C8897 /* Home.storyboard in Resources */,
				A66609AF1E235F90000C8897 /* Me.storyboard in Resources */,
				A6DE1E9E1E45779200CD561D /* PicPickerCell.xib in Resources */,
				A66609BD1E2390D3000C8897 /* VisitorView.xib in Resources */,
				A6DE1ECD1E484D0800CD561D /* Emoticons.bundle in Resources */,
			);
			runOnlyForDeploymentPostprocessing = 0;
		};
/* End PBXResourcesBuildPhase section */

/* Begin PBXShellScriptBuildPhase section */
		2614A45FFE10094271A0B627 /* [CP] Check Pods Manifest.lock */ = {
			isa = PBXShellScriptBuildPhase;
			buildActionMask = 2147483647;
			files = (
			);
			inputPaths = (
			);
			name = "[CP] Check Pods Manifest.lock";
			outputPaths = (
			);
			runOnlyForDeploymentPostprocessing = 0;
			shellPath = /bin/sh;
			shellScript = "diff \"${PODS_ROOT}/../Podfile.lock\" \"${PODS_ROOT}/Manifest.lock\" > /dev/null\nif [ $? != 0 ] ; then\n    # print error to STDERR\n    echo \"error: The sandbox is not in sync with the Podfile.lock. Run 'pod install' or update your CocoaPods installation.\" >&2\n    exit 1\nfi\n";
			showEnvVarsInLog = 0;
		};
		5E620530C5D8F8223ED5A589 /* [CP] Copy Pods Resources */ = {
			isa = PBXShellScriptBuildPhase;
			buildActionMask = 2147483647;
			files = (
			);
			inputPaths = (
			);
			name = "[CP] Copy Pods Resources";
			outputPaths = (
			);
			runOnlyForDeploymentPostprocessing = 0;
			shellPath = /bin/sh;
			shellScript = "\"${SRCROOT}/Pods/Target Support Files/Pods-Weibo/Pods-Weibo-resources.sh\"\n";
			showEnvVarsInLog = 0;
		};
		E53DC6D3F86547C3CF666252 /* [CP] Embed Pods Frameworks */ = {
			isa = PBXShellScriptBuildPhase;
			buildActionMask = 2147483647;
			files = (
			);
			inputPaths = (
			);
			name = "[CP] Embed Pods Frameworks";
			outputPaths = (
			);
			runOnlyForDeploymentPostprocessing = 0;
			shellPath = /bin/sh;
			shellScript = "\"${SRCROOT}/Pods/Target Support Files/Pods-Weibo/Pods-Weibo-frameworks.sh\"\n";
			showEnvVarsInLog = 0;
		};
/* End PBXShellScriptBuildPhase section */

/* Begin PBXSourcesBuildPhase section */
		A6B06DC31E214E5B003D2501 /* Sources */ = {
			isa = PBXSourcesBuildPhase;
			buildActionMask = 2147483647;
			files = (
				A66609A51E232008000C8897 /* MeViewController.swift in Sources */,
				A65604D71E389FFE00F31620 /* StatusViewModel.swift in Sources */,
				A6B06DCB1E214E5B003D2501 /* AppDelegate.swift in Sources */,
				A6DE1E9D1E45779200CD561D /* PicPickerCell.swift in Sources */,
				A66C896F1E446BFE00FF7C3A /* ComposeViewController.swift in Sources */,
				A6DE1ED11E484D0800CD561D /* UITextView-Extension.swift in Sources */,
				A66E570F1E2772C500F4CDFA /* NetworkTools.swift in Sources */,
				A65604D21E388EBD00F31620 /* NSDate-Extension.swift in Sources */,
				A6A3506A1E44896F005BFD98 /* CpomposeTextView.swift in Sources */,
				A6DE1E9A1E45763400CD561D /* PicPickerCollectionView.swift in Sources */,
				A6DE1ECF1E484D0800CD561D /* EmoticonManager.swift in Sources */,
				A6DE1ECB1E484D0800CD561D /* EmoticonAttachment.swift in Sources */,
				A666099A1E231EC9000C8897 /* MainTabViewController.swift in Sources */,
				A66609A11E231FF1000C8897 /* MessageViewController.swift in Sources */,
				A65604D01E38812400F31620 /* Status.swift in Sources */,
				A69A6FF41E2D1E7D00D0C7DD /* WelcomeViewController.swift in Sources */,
				A65604D41E389A2F00F31620 /* User.swift in Sources */,
				A6DA32E01E41DBC600A5506E /* PicCollectionView.swift in Sources */,
				A66E56FF1E26165C00F4CDFA /* ZWCustomPopView.m in Sources */,
				A66E570B1E262A3600F4CDFA /* Global.swift in Sources */,
				A666099F1E231FE3000C8897 /* HomeViewController.swift in Sources */,
				A6DE1ED01E484D0800CD561D /* EmoticonPackage.swift in Sources */,
				A66609B81E238F70000C8897 /* BaseViewController.swift in Sources */,
				A66609A31E231FFE000C8897 /* DiscoverViewController.swift in Sources */,
				A6DE1ECA1E484D0800CD561D /* EmioticonViewCell.swift in Sources */,
				A65604DA1E38AE3800F31620 /* StatusCell.swift in Sources */,
				A66E56FD1E26165C00F4CDFA /* UIBarButtonItem+Extension.swift in Sources */,
				A66E57061E2627D800F4CDFA /* OAuthViewController.swift in Sources */,
				A66E56FE1E26165C00F4CDFA /* TitleButton.swift in Sources */,
				A6DE1ECE1E484D0800CD561D /* Emoticon.swift in Sources */,
				A69A6FF01E2D1BE300D0C7DD /* UserAccountViewModel.swift in Sources */,
				A66609BB1E2390C0000C8897 /* VisitorView.swift in Sources */,
				A66E570D1E275C7A00F4CDFA /* UserAccount.swift in Sources */,
				A6DE1ECC1E484D0800CD561D /* EmoticonController.swift in Sources */,
			);
			runOnlyForDeploymentPostprocessing = 0;
		};
/* End PBXSourcesBuildPhase section */

/* Begin PBXVariantGroup section */
		A66609A81E235F73000C8897 /* Message.storyboard */ = {
			isa = PBXVariantGroup;
			children = (
				A66609A91E235F73000C8897 /* Base */,
			);
			name = Message.storyboard;
			path = ..;
			sourceTree = "<group>";
		};
		A66609AD1E235F90000C8897 /* Me.storyboard */ = {
			isa = PBXVariantGroup;
			children = (
				A66609AE1E235F90000C8897 /* Base */,
			);
			name = Me.storyboard;
			path = ..;
			sourceTree = "<group>";
		};
		A6B06DCE1E214E5B003D2501 /* Main.storyboard */ = {
			isa = PBXVariantGroup;
			children = (
				A6B06DCF1E214E5B003D2501 /* Base */,
			);
			name = Main.storyboard;
			sourceTree = "<group>";
		};
/* End PBXVariantGroup section */

/* Begin XCBuildConfiguration section */
		A6B06DD71E214E5B003D2501 /* Debug */ = {
			isa = XCBuildConfiguration;
			buildSettings = {
				ALWAYS_SEARCH_USER_PATHS = NO;
				CLANG_ANALYZER_NONNULL = YES;
				CLANG_CXX_LANGUAGE_STANDARD = "gnu++0x";
				CLANG_CXX_LIBRARY = "libc++";
				CLANG_ENABLE_MODULES = YES;
				CLANG_ENABLE_OBJC_ARC = YES;
				CLANG_WARN_BOOL_CONVERSION = YES;
				CLANG_WARN_CONSTANT_CONVERSION = YES;
				CLANG_WARN_DIRECT_OBJC_ISA_USAGE = YES_ERROR;
				CLANG_WARN_EMPTY_BODY = YES;
				CLANG_WARN_ENUM_CONVERSION = YES;
				CLANG_WARN_INT_CONVERSION = YES;
				CLANG_WARN_OBJC_ROOT_CLASS = YES_ERROR;
				CLANG_WARN_UNREACHABLE_CODE = YES;
				CLANG_WARN__DUPLICATE_METHOD_MATCH = YES;
				"CODE_SIGN_IDENTITY[sdk=iphoneos*]" = "iPhone Developer";
				COPY_PHASE_STRIP = NO;
				DEBUG_INFORMATION_FORMAT = dwarf;
				ENABLE_STRICT_OBJC_MSGSEND = YES;
				ENABLE_TESTABILITY = YES;
				GCC_C_LANGUAGE_STANDARD = gnu99;
				GCC_DYNAMIC_NO_PIC = NO;
				GCC_NO_COMMON_BLOCKS = YES;
				GCC_OPTIMIZATION_LEVEL = 0;
				GCC_PREPROCESSOR_DEFINITIONS = (
					"DEBUG=1",
					"$(inherited)",
				);
				GCC_WARN_64_TO_32_BIT_CONVERSION = YES;
				GCC_WARN_ABOUT_RETURN_TYPE = YES_ERROR;
				GCC_WARN_UNDECLARED_SELECTOR = YES;
				GCC_WARN_UNINITIALIZED_AUTOS = YES_AGGRESSIVE;
				GCC_WARN_UNUSED_FUNCTION = YES;
				GCC_WARN_UNUSED_VARIABLE = YES;
				IPHONEOS_DEPLOYMENT_TARGET = 9.3;
				MTL_ENABLE_DEBUG_INFO = YES;
				ONLY_ACTIVE_ARCH = YES;
				SDKROOT = iphoneos;
				SWIFT_OPTIMIZATION_LEVEL = "-Onone";
			};
			name = Debug;
		};
		A6B06DD81E214E5B003D2501 /* Release */ = {
			isa = XCBuildConfiguration;
			buildSettings = {
				ALWAYS_SEARCH_USER_PATHS = NO;
				CLANG_ANALYZER_NONNULL = YES;
				CLANG_CXX_LANGUAGE_STANDARD = "gnu++0x";
				CLANG_CXX_LIBRARY = "libc++";
				CLANG_ENABLE_MODULES = YES;
				CLANG_ENABLE_OBJC_ARC = YES;
				CLANG_WARN_BOOL_CONVERSION = YES;
				CLANG_WARN_CONSTANT_CONVERSION = YES;
				CLANG_WARN_DIRECT_OBJC_ISA_USAGE = YES_ERROR;
				CLANG_WARN_EMPTY_BODY = YES;
				CLANG_WARN_ENUM_CONVERSION = YES;
				CLANG_WARN_INT_CONVERSION = YES;
				CLANG_WARN_OBJC_ROOT_CLASS = YES_ERROR;
				CLANG_WARN_UNREACHABLE_CODE = YES;
				CLANG_WARN__DUPLICATE_METHOD_MATCH = YES;
				"CODE_SIGN_IDENTITY[sdk=iphoneos*]" = "iPhone Developer";
				COPY_PHASE_STRIP = NO;
				DEBUG_INFORMATION_FORMAT = "dwarf-with-dsym";
				ENABLE_NS_ASSERTIONS = NO;
				ENABLE_STRICT_OBJC_MSGSEND = YES;
				GCC_C_LANGUAGE_STANDARD = gnu99;
				GCC_NO_COMMON_BLOCKS = YES;
				GCC_WARN_64_TO_32_BIT_CONVERSION = YES;
				GCC_WARN_ABOUT_RETURN_TYPE = YES_ERROR;
				GCC_WARN_UNDECLARED_SELECTOR = YES;
				GCC_WARN_UNINITIALIZED_AUTOS = YES_AGGRESSIVE;
				GCC_WARN_UNUSED_FUNCTION = YES;
				GCC_WARN_UNUSED_VARIABLE = YES;
				IPHONEOS_DEPLOYMENT_TARGET = 9.3;
				MTL_ENABLE_DEBUG_INFO = NO;
				SDKROOT = iphoneos;
				VALIDATE_PRODUCT = YES;
			};
			name = Release;
		};
		A6B06DDA1E214E5B003D2501 /* Debug */ = {
			isa = XCBuildConfiguration;
			baseConfigurationReference = C33CC6E30CC9D9278D252AF9 /* Pods-Weibo.debug.xcconfig */;
			buildSettings = {
				ASSETCATALOG_COMPILER_APPICON_NAME = AppIcon;
				ASSETCATALOG_COMPILER_LAUNCHIMAGE_NAME = "Brand Assets";
				CLANG_ENABLE_MODULES = YES;
				CODE_SIGN_IDENTITY = "iPhone Developer";
				INFOPLIST_FILE = Weibo/Info.plist;
				IPHONEOS_DEPLOYMENT_TARGET = 9.0;
				LD_RUNPATH_SEARCH_PATHS = "$(inherited) @executable_path/Frameworks";
				PRODUCT_BUNDLE_IDENTIFIER = com.springwoods.Weibo;
				PRODUCT_NAME = "$(TARGET_NAME)";
				SWIFT_OBJC_BRIDGING_HEADER = "Weibo/Weibo-Bridging-Header.h";
				SWIFT_OPTIMIZATION_LEVEL = "-Onone";
			};
			name = Debug;
		};
		A6B06DDB1E214E5B003D2501 /* Release */ = {
			isa = XCBuildConfiguration;
			baseConfigurationReference = 926ED07EE8870439B5F45E93 /* Pods-Weibo.release.xcconfig */;
			buildSettings = {
				ASSETCATALOG_COMPILER_APPICON_NAME = AppIcon;
				ASSETCATALOG_COMPILER_LAUNCHIMAGE_NAME = "Brand Assets";
				CLANG_ENABLE_MODULES = YES;
				CODE_SIGN_IDENTITY = "iPhone Developer";
				INFOPLIST_FILE = Weibo/Info.plist;
				IPHONEOS_DEPLOYMENT_TARGET = 9.0;
				LD_RUNPATH_SEARCH_PATHS = "$(inherited) @executable_path/Frameworks";
				PRODUCT_BUNDLE_IDENTIFIER = com.springwoods.Weibo;
				PRODUCT_NAME = "$(TARGET_NAME)";
				SWIFT_OBJC_BRIDGING_HEADER = "Weibo/Weibo-Bridging-Header.h";
			};
			name = Release;
		};
/* End XCBuildConfiguration section */

/* Begin XCConfigurationList section */
		A6B06DC21E214E5B003D2501 /* Build configuration list for PBXProject "Weibo" */ = {
			isa = XCConfigurationList;
			buildConfigurations = (
				A6B06DD71E214E5B003D2501 /* Debug */,
				A6B06DD81E214E5B003D2501 /* Release */,
			);
			defaultConfigurationIsVisible = 0;
			defaultConfigurationName = Release;
		};
		A6B06DD91E214E5B003D2501 /* Build configuration list for PBXNativeTarget "Weibo" */ = {
			isa = XCConfigurationList;
			buildConfigurations = (
				A6B06DDA1E214E5B003D2501 /* Debug */,
				A6B06DDB1E214E5B003D2501 /* Release */,
			);
			defaultConfigurationIsVisible = 0;
			defaultConfigurationName = Release;
		};
/* End XCConfigurationList section */
	};
	rootObject = A6B06DBF1E214E5B003D2501 /* Project object */;
}
